
Microsoft Visual Studio Solution File, Format Version 12.00
# Visual Studio Version 16
VisualStudioVersion = 16.0.810.19
MinimumVisualStudioVersion = 10.0.40219.1
Project("{FAE04EC0-301F-11D3-BF4B-00C04F79EFBC}") = "switchcasePratik", "switchcasePratik\switchcasePratik.csproj", "{8FD62E42-4F72-41D7-8D67-38551AD83D69}"
EndProject
Global
	GlobalSection(SolutionConfigurationPlatforms) = preSolution
		Debug|Any CPU = Debug|Any CPU
		Release|Any CPU = Release|Any CPU
	EndGlobalSection
	GlobalSection(ProjectConfigurationPlatforms) = postSolution
		{8FD62E42-4F72-41D7-8D67-38551AD83D69}.Debug|Any CPU.ActiveCfg = Debug|Any CPU
		{8FD62E42-4F72-41D7-8D67-38551AD83D69}.Debug|Any CPU.Build.0 = Debug|Any CPU
		{8FD62E42-4F72-41D7-8D67-38551AD83D69}.Release|Any CPU.ActiveCfg = Release|Any CPU
		{8FD62E42-4F72-41D7-8D67-38551AD83D69}.Release|Any CPU.Build.0 = Release|Any CPU
	EndGlobalSection
	GlobalSection(SolutionProperties) = preSolution
		HideSolutionNode = FALSE
	EndGlobalSection
	GlobalSection(ExtensibilityGlobals) = postSolution
		SolutionGuid = {C3631B83-0FA8-4EA7-968B-6CD23B6B58B2}
	EndGlobalSection
EndGlobal
